
Microsoft Visual Studio Solution File, Format Version 12.00
# Visual Studio Version 17
VisualStudioVersion = 17.5.002.0
MinimumVisualStudioVersion = 10.0.40219.1
Project("{9A19103F-16F7-4668-BE54-9A1E7A4F7556}") = "SeleniumTestPilot", "SeleniumTestPilot\SeleniumTestPilot.csproj", "{22634EB4-DDB1-42DF-8ED8-1A6FC6A1C2C2}"
EndProject
Global
	GlobalSection(SolutionConfigurationPlatforms) = preSolution
		Debug|Any CPU = Debug|Any CPU
		Release|Any CPU = Release|Any CPU
	EndGlobalSection
	GlobalSection(ProjectConfigurationPlatforms) = postSolution
		{22634EB4-DDB1-42DF-8ED8-1A6FC6A1C2C2}.Debug|Any CPU.ActiveCfg = Debug|Any CPU
		{22634EB4-DDB1-42DF-8ED8-1A6FC6A1C2C2}.Debug|Any CPU.Build.0 = Debug|Any CPU
		{22634EB4-DDB1-42DF-8ED8-1A6FC6A1C2C2}.Release|Any CPU.ActiveCfg = Release|Any CPU
		{22634EB4-DDB1-42DF-8ED8-1A6FC6A1C2C2}.Release|Any CPU.Build.0 = Release|Any CPU
	EndGlobalSection
	GlobalSection(SolutionProperties) = preSolution
		HideSolutionNode = FALSE
	EndGlobalSection
	GlobalSection(ExtensibilityGlobals) = postSolution
		SolutionGuid = {9D716535-DABD-4129-BA9A-0C77277C312F}
	EndGlobalSection
EndGlobal
